
Microsoft Visual Studio Solution File, Format Version 12.00
# Visual Studio 2012
Project("{FAE04EC0-301F-11D3-BF4B-00C04F79EFBC}") = "ISPM.ToDo.Domain", "ISPM.ToDo.Domain\ISPM.ToDo.Domain.csproj", "{1835CA84-E9BB-4757-9581-C7C6164DD7F1}"
EndProject
Project("{FAE04EC0-301F-11D3-BF4B-00C04F79EFBC}") = "ISPM.ToDo.Tests", "ISPM.ToDo.Tests\ISPM.ToDo.Tests.csproj", "{C807BB29-AED7-4208-85BC-81CD396F7782}"
EndProject
Project("{FAE04EC0-301F-11D3-BF4B-00C04F79EFBC}") = "ISPM.ToDo.Data", "ISPM.ToDo.Data\ISPM.ToDo.Data.csproj", "{FE2C06CC-BF0D-4C3B-AD28-1C6665DEBE8B}"
EndProject
Project("{FAE04EC0-301F-11D3-BF4B-00C04F79EFBC}") = "ISPM.ToDo.Application", "ISPM.ToDo.Application\ISPM.ToDo.Application.csproj", "{285E56D8-E53E-4371-A614-909BD0683DC9}"
EndProject
Project("{FAE04EC0-301F-11D3-BF4B-00C04F79EFBC}") = "ISPM.ToDo.API", "ISPM.ToDo.API\ISPM.ToDo.API.csproj", "{8A225961-638F-4143-997D-502E26188DD6}"
EndProject
Project("{FAE04EC0-301F-11D3-BF4B-00C04F79EFBC}") = "ISPM.ToDo.Web", "ISPM.ToDo.Web\ISPM.ToDo.Web.csproj", "{03CDE4FC-6126-402B-938B-AC7844AECBAC}"
EndProject
Global
	GlobalSection(SolutionConfigurationPlatforms) = preSolution
		Debug|Any CPU = Debug|Any CPU
		Release|Any CPU = Release|Any CPU
	EndGlobalSection
	GlobalSection(ProjectConfigurationPlatforms) = postSolution
		{1835CA84-E9BB-4757-9581-C7C6164DD7F1}.Debug|Any CPU.ActiveCfg = Debug|Any CPU
		{1835CA84-E9BB-4757-9581-C7C6164DD7F1}.Debug|Any CPU.Build.0 = Debug|Any CPU
		{1835CA84-E9BB-4757-9581-C7C6164DD7F1}.Release|Any CPU.ActiveCfg = Release|Any CPU
		{1835CA84-E9BB-4757-9581-C7C6164DD7F1}.Release|Any CPU.Build.0 = Release|Any CPU
		{C807BB29-AED7-4208-85BC-81CD396F7782}.Debug|Any CPU.ActiveCfg = Debug|Any CPU
		{C807BB29-AED7-4208-85BC-81CD396F7782}.Debug|Any CPU.Build.0 = Debug|Any CPU
		{C807BB29-AED7-4208-85BC-81CD396F7782}.Release|Any CPU.ActiveCfg = Release|Any CPU
		{C807BB29-AED7-4208-85BC-81CD396F7782}.Release|Any CPU.Build.0 = Release|Any CPU
		{FE2C06CC-BF0D-4C3B-AD28-1C6665DEBE8B}.Debug|Any CPU.ActiveCfg = Debug|Any CPU
		{FE2C06CC-BF0D-4C3B-AD28-1C6665DEBE8B}.Debug|Any CPU.Build.0 = Debug|Any CPU
		{FE2C06CC-BF0D-4C3B-AD28-1C6665DEBE8B}.Release|Any CPU.ActiveCfg = Release|Any CPU
		{FE2C06CC-BF0D-4C3B-AD28-1C6665DEBE8B}.Release|Any CPU.Build.0 = Release|Any CPU
		{285E56D8-E53E-4371-A614-909BD0683DC9}.Debug|Any CPU.ActiveCfg = Debug|Any CPU
		{285E56D8-E53E-4371-A614-909BD0683DC9}.Debug|Any CPU.Build.0 = Debug|Any CPU
		{285E56D8-E53E-4371-A614-909BD0683DC9}.Release|Any CPU.ActiveCfg = Release|Any CPU
		{285E56D8-E53E-4371-A614-909BD0683DC9}.Release|Any CPU.Build.0 = Release|Any CPU
		{8A225961-638F-4143-997D-502E26188DD6}.Debug|Any CPU.ActiveCfg = Debug|Any CPU
		{8A225961-638F-4143-997D-502E26188DD6}.Debug|Any CPU.Build.0 = Debug|Any CPU
		{8A225961-638F-4143-997D-502E26188DD6}.Release|Any CPU.ActiveCfg = Release|Any CPU
		{8A225961-638F-4143-997D-502E26188DD6}.Release|Any CPU.Build.0 = Release|Any CPU
		{03CDE4FC-6126-402B-938B-AC7844AECBAC}.Debug|Any CPU.ActiveCfg = Debug|Any CPU
		{03CDE4FC-6126-402B-938B-AC7844AECBAC}.Debug|Any CPU.Build.0 = Debug|Any CPU
		{03CDE4FC-6126-402B-938B-AC7844AECBAC}.Release|Any CPU.ActiveCfg = Release|Any CPU
		{03CDE4FC-6126-402B-938B-AC7844AECBAC}.Release|Any CPU.Build.0 = Release|Any CPU
	EndGlobalSection
	GlobalSection(SolutionProperties) = preSolution
		HideSolutionNode = FALSE
	EndGlobalSection
EndGlobal
